lockfileVersion: '9.0'

settings:
  autoInstallPeers: true
  excludeLinksFromLockfile: false

importers:

  .:
    dependencies:
      '@vscode/codicons':
        specifier: 0.0.46-24
        version: 0.0.46-24

packages:

  '@vscode/codicons@0.0.46-24':
    resolution: {integrity: sha512-KIDWUYxG6eh+DHRg+3G4bS487T+g1ZkLfB4HylOBbCcHsvLdfLMRM/m92DS1Ljhi8nglLr9ucwwWhHTEAC+DpA==}

snapshots:

  '@vscode/codicons@0.0.46-24': {}
